
Microsoft Visual Studio Solution File, Format Version 12.00
# Visual Studio Version 16
VisualStudioVersion = 16.0.33801.447
MinimumVisualStudioVersion = 10.0.40219.1
Project("{8BC9CEB8-8B4A-11D0-8D11-00A0C91BC942}") = "CodeForLab2", "CodeForLab2\CodeForLab2.vcxproj", "{B8B4EA9F-4C0E-44D5-B0BA-394A8E7BCC65}"
EndProject
Global
	GlobalSection(SolutionConfigurationPlatforms) = preSolution
		Debug|x64 = Debug|x64
		Debug|x86 = Debug|x86
		Release|x64 = Release|x64
		Release|x86 = Release|x86
	EndGlobalSection
	GlobalSection(ProjectConfigurationPlatforms) = postSolution
		{B8B4EA9F-4C0E-44D5-B0BA-394A8E7BCC65}.Debug|x64.ActiveCfg = Debug|x64
		{B8B4EA9F-4C0E-44D5-B0BA-394A8E7BCC65}.Debug|x64.Build.0 = Debug|x64
		{B8B4EA9F-4C0E-44D5-B0BA-394A8E7BCC65}.Debug|x86.ActiveCfg = Debug|Win32
		{B8B4EA9F-4C0E-44D5-B0BA-394A8E7BCC65}.Debug|x86.Build.0 = Debug|Win32
		{B8B4EA9F-4C0E-44D5-B0BA-394A8E7BCC65}.Release|x64.ActiveCfg = Release|x64
		{B8B4EA9F-4C0E-44D5-B0BA-394A8E7BCC65}.Release|x64.Build.0 = Release|x64
		{B8B4EA9F-4C0E-44D5-B0BA-394A8E7BCC65}.Release|x86.ActiveCfg = Release|Win32
		{B8B4EA9F-4C0E-44D5-B0BA-394A8E7BCC65}.Release|x86.Build.0 = Release|Win32
	EndGlobalSection
	GlobalSection(SolutionProperties) = preSolution
		HideSolutionNode = FALSE
	EndGlobalSection
	GlobalSection(ExtensibilityGlobals) = postSolution
		SolutionGuid = {11CDAFDE-6BB1-401F-BD9F-58F697C434F2}
	EndGlobalSection
EndGlobal
